
Microsoft Visual Studio Solution File, Format Version 12.00
# Visual Studio 15
VisualStudioVersion = 15.0.26730.16
MinimumVisualStudioVersion = 10.0.40219.1
Project("{FAE04EC0-301F-11D3-BF4B-00C04F79EFBC}") = "EfCoreManyToMany.Tests", "EfCoreManyToMany.Tests\EfCoreManyToMany.Tests.csproj", "{CC55D85A-9156-4B58-8567-D7FC1618F3A2}"
EndProject
Project("{FAE04EC0-301F-11D3-BF4B-00C04F79EFBC}") = "EfCoreManyToMany.Data", "EfCoreManyToMany.Data\EfCoreManyToMany.Data.csproj", "{FCB7992B-CF8E-418B-B79B-4094FCC0C391}"
EndProject
Global
	GlobalSection(SolutionConfigurationPlatforms) = preSolution
		Debug|Any CPU = Debug|Any CPU
		Release|Any CPU = Release|Any CPU
	EndGlobalSection
	GlobalSection(ProjectConfigurationPlatforms) = postSolution
		{CC55D85A-9156-4B58-8567-D7FC1618F3A2}.Debug|Any CPU.ActiveCfg = Debug|Any CPU
		{CC55D85A-9156-4B58-8567-D7FC1618F3A2}.Debug|Any CPU.Build.0 = Debug|Any CPU
		{CC55D85A-9156-4B58-8567-D7FC1618F3A2}.Release|Any CPU.ActiveCfg = Release|Any CPU
		{CC55D85A-9156-4B58-8567-D7FC1618F3A2}.Release|Any CPU.Build.0 = Release|Any CPU
		{FCB7992B-CF8E-418B-B79B-4094FCC0C391}.Debug|Any CPU.ActiveCfg = Debug|Any CPU
		{FCB7992B-CF8E-418B-B79B-4094FCC0C391}.Debug|Any CPU.Build.0 = Debug|Any CPU
		{FCB7992B-CF8E-418B-B79B-4094FCC0C391}.Release|Any CPU.ActiveCfg = Release|Any CPU
		{FCB7992B-CF8E-418B-B79B-4094FCC0C391}.Release|Any CPU.Build.0 = Release|Any CPU
	EndGlobalSection
	GlobalSection(SolutionProperties) = preSolution
		HideSolutionNode = FALSE
	EndGlobalSection
	GlobalSection(ExtensibilityGlobals) = postSolution
		SolutionGuid = {E25B1B69-0C5B-4200-B934-C53B928C5FCA}
	EndGlobalSection
EndGlobal
